lockfileVersion: '9.0'

settings:
  autoInstallPeers: true
  excludeLinksFromLockfile: false

importers:

  .:
    dependencies:
      apify:
        specifier: ^3.0.0
        version: 3.7.2(debug@4.4.3)
      cheerio:
        specifier: ^1.0.0
        version: 1.2.0
      got-scraping:
        specifier: ^4.1.2
        version: 4.2.1

packages:

  '@apify/consts@2.57.0':
    resolution: {integrity: sha512-kyD+pq72+RxpPUUikk5pWyGRcbehoQSkTIgd3kqE/MCy+MGPTYBbMb4lb2C92+Zh8K5eYyTrfobHKrpqyHAWMQ==}

  '@apify/datastructures@2.0.6':
    resolution: {integrity: sha512-hI/Q5cCjXXI/g4OPwX+/xuk+JsOtXRhKNXl2wnq/nKmdrji3nYCc9vGsAEc1iXVbs16xQMZy5uRhoY3XTABovA==}

  '@apify/input_secrets@1.2.54':
    resolution: {integrity: sha512-yJLIYGQ3USQzs2wwZXxpHUuZanrXSmPsXliQV+fRTVk0H1s9AGEUMfh41lPXZJkq31hDTuAw41fEmieymtPgPA==}

  '@apify/log@2.5.48':
    resolution: {integrity: sha512-3aWhBik4P1Q6hubU38XgiB0PnGR5UkIC3gbxm0LQYQd1FwfOID5CrgRkbyab3BJaspN6LToIccgHbtDgSz2Pog==}

  '@apify/ps-tree@1.2.0':
    resolution: {integrity: sha512-VHIswI7rD/R4bToeIDuJ9WJXt+qr5SdhfoZ9RzdjmCs9mgy7l0P4RugQEUCcU+WB4sfImbd4CKwzXcn0uYx1yw==}
    engines: {node: '>= 0.10'}
    hasBin: true

  '@apify/pseudo_url@2.0.89':
    resolution: {integrity: sha512-bOuyQlSIKOXCh8XU1Enou8N6mAWA2v895x5e/HawVD8/hoq3TlQgYfqnbiLM9rVswAV5TcCDMBEIT6xqhfFtdw==}

  '@apify/timeout@0.3.5':
    resolution: {integrity: sha512-3nuQXwxh2sKxBo5tgDoZWuZHiSpqrKg1+sJHjFSk8blhyX6I2FZzpfW7UaCELeYLZiSjWUPh2rXNrc3zLmJGJg==}

  '@apify/timeout@0.4.8':
    resolution: {integrity: sha512-SKBSXUYVYSaKCa5ogEEcAeKctbyRHq3v2yNLmzxZ/Rb+X4AuEFySd04nURGQPY2trtcKwKZP1sxrWvqwRH2WRA==}

  '@apify/utilities@2.35.5':
    resolution: {integrity: sha512-A2HmUJCKx7Z3BGP2ELw0YNS2PPfl4WE3orcVaKaF1mwmKCfbW5E/kdWgmJ19zyUWI/Rm3Bn0x3NmJtk02SCShA==}

  '@borewit/text-codec@0.2.2':
    resolution: {integrity: sha512-DDaRehssg1aNrH4+2hnj1B7vnUGEjU6OIlyRdkMd0aUdIUvKXrJfXsy8LVtXAy7DRvYVluWbMspsRhz2lcW0mQ==}

  '@crawlee/core@3.18.1':
    resolution: {integrity: sha512-f8bQBBfRxRf5RvUErI6K5xhxN9vWsZajT3XdQmCjjPfqp4Oa20Vsi2DarQE9FAFZpy/djncJH+tn24HlZMaBig==}
    engines: {node: '>=16.0.0'}

  '@crawlee/memory-storage@3.18.1':
    resolution: {integrity: sha512-uzyBuSwfwNCFRcJlNOoJ5UMVYGWQE7UlnMsMULzRrs1YnkqLzZ7ldeyXfRwGxJUNo4KJ6o3IxDpGCIj8dkuzrQ==}
    engines: {node: '>= 16'}

  '@crawlee/types@3.18.1':
    resolution: {integrity: sha512-jmV7HN4b1vEzriGcKhCRa8A5rv5HaqBPPfneGRxPpZtbmnEcusHTmEOOyG393lUBmv0yaM03da0hy+PZnR35vw==}
    engines: {node: '>=16.0.0'}

  '@crawlee/utils@3.18.1':
    resolution: {integrity: sha512-NS9eCmaH+jcjLHfq2WIKp5yfKxQGEcuLOAwzugFcnH38D/EwCgYXYtnDxidFZB8qbuuONFfDpVfyHohc4mNDhw==}
    engines: {node: '>=16.0.0'}

  '@keyv/serialize@1.1.1':
    resolution: {integrity: sha512-dXn3FZhPv0US+7dtJsIi2R+c7qWYiReoEh5zUntWCf4oSpMNib8FDhSoed6m3QyZdx5hK7iLFkYk3rNxwt8vTA==}

  '@sapphire/async-queue@1.5.5':
    resolution: {integrity: sha512-cvGzxbba6sav2zZkH8GPf2oGk9yYoD5qrNWdu9fRehifgnFZJMV+nuy2nON2roRO4yQQ+v7MK/Pktl/HgfsUXg==}
    engines: {node: '>=v14.0.0', npm: '>=7.0.0'}

  '@sapphire/shapeshift@3.9.7':
    resolution: {integrity: sha512-4It2mxPSr4OGn4HSQWGmhFMsNFGfFVhWeRPCRwbH972Ek2pzfGRZtb0pJ4Ze6oIzcyh2jw7nUDa6qGlWofgd9g==}
    engines: {node: '>=v16'}

  '@sec-ant/readable-stream@0.4.1':
    resolution: {integrity: sha512-831qok9r2t8AlxLko40y2ebgSDhenenCatLVeW/uBtnHPyhHOvG0C7TvfgecV+wHzIm5KUICgzmVpWS+IMEAeg==}

  '@sindresorhus/is@4.6.0':
    resolution: {integrity: sha512-t09vSN3MdfsyCHoFcTRCH/iUtG7OJ0CsjzB8cjAmKc/va/kIgeDI/TxsigdncE/4be734m0cvIYwNaV4i2XqAw==}
    engines: {node: '>=10'}

  '@sindresorhus/is@5.6.0':
    resolution: {integrity: sha512-TV7t8GKYaJWsn00tFDqBw8+Uqmr8A0fRU1tvTQhyZzGv0sJCGRQL3JGMI3ucuKo3XIZdUP+Lx7/gh2t3lewy7g==}
    engines: {node: '>=14.16'}

  '@sindresorhus/is@7.2.0':
    resolution: {integrity: sha512-P1Cz1dWaFfR4IR+U13mqqiGsLFf1KbayybWwdd2vfctdV6hDpUkgCY0nKOLLTMSoRd/jJNjtbqzf13K8DCCXQw==}
    engines: {node: '>=18'}

  '@standard-schema/spec@1.1.0':
    resolution: {integrity: sha512-l2aFy5jALhniG5HgqrD6jXLi/rUWrKvqN/qJx6yoJsgKhblVd+iqqU4RCXavm/jPityDo5TCvKMnpjKnOriy0w==}

  '@tokenizer/inflate@0.4.1':
    resolution: {integrity: sha512-2mAv+8pkG6GIZiF1kNg1jAjh27IDxEPKwdGul3snfztFerfPGI1LjDezZp3i7BElXompqEtPmoPx6c2wgtWsOA==}
    engines: {node: '>=18'}

  '@tokenizer/token@0.3.0':
    resolution: {integrity: sha512-OvjF+z51L3ov0OyAU0duzsYuvO01PH7x4t6DJx+guahgTnBHkhJdG7soQeTSFLWN3efnHyibZ4Z8l2EuWwJN3A==}

  '@tootallnate/quickjs-emscripten@0.23.0':
    resolution: {integrity: sha512-C5Mc6rdnsaJDjO3UpGW/CQTHtCKaYlScZTly4JIu97Jxo/odCiH0ITnDXSJPTOrEKk/ycSZ0AOgTmkDtkOsvIA==}

  '@types/http-cache-semantics@4.2.0':
    resolution: {integrity: sha512-L3LgimLHXtGkWikKnsPg0/VFx9OGZaC+eN1u4r+OB1XRqH3meBIAVC2zr1WdMH+RHmnRkqliQAOHNJ/E0j/e0Q==}

  '@types/node@26.2.0':
    resolution: {integrity: sha512-5IviulTZeRNp2vAJ514cc/HUlY5nZ9fCbq9DMyC52BrhFZACo3nI0R7qBxhQmo/d27NFe96ur/b7Wwxklda+kg==}

  '@types/sax@1.2.7':
    resolution: {integrity: sha512-rO73L89PJxeYM3s3pPPjiPgVVcymqU490g0YO5n5By0k2Erzj6tay/4lr1CHAAU4JyOWd1rpQ8bCf6cZfHU96A==}

  '@vladfrangu/async_event_emitter@2.4.7':
    resolution: {integrity: sha512-Xfe6rpCTxSxfbswi/W/Pz7zp1WWSNn4A0eW4mLkQUewCrXXtMj31lCg+iQyTkh/CkusZSq9eDflu7tjEDXUY6g==}
    engines: {node: '>=v14.0.0', npm: '>=7.0.0'}

  adm-zip@0.6.0:
    resolution: {integrity: sha512-XleryMhbuksdKtofnWZ9Sk+4CUTbms4Mb/EU32SZwToAyZ5RgVos/ki8n+yr0LWHOGKuakbXTuuYNHLQjhddgg==}
    engines: {node: '>=14.0'}

  agent-base@6.0.2:
    resolution: {integrity: sha512-RZNwNclF7+MS/8bDg70amg32dyeZGZxiDuQmZxKLAlQjr3jGyLx+4Kkk58UO7D2QdgFIQCovuSuZESne6RG6XQ==}
    engines: {node: '>= 6.0.0'}

  agent-base@7.1.4:
    resolution: {integrity: sha512-MnA+YT8fwfJPgBx3m60MNqakm30XOkyIoH1y6huTQvC0PwZG7ki8NacLBcrPbNoo8vEZy7Jpuk7+jMO+CUovTQ==}
    engines: {node: '>= 14'}

  ansi-colors@4.1.3:
    resolution: {integrity: sha512-/6w/C21Pm1A7aZitlI5Ni/2J6FFQN8i1Cvz3kHABAAbw93v/NlvKdVOqz7CCWz/3iv/JplRSEEZ83XION15ovw==}
    engines: {node: '>=6'}

  apify-client@2.25.0:
    resolution: {integrity: sha512-g6ttHJ4Au/Gg0iDHIevN3CvTbJfey9DUXUXJxe0ORF6JIYaVVfKdyJjINGb6/49gOpt/62ZFPw+HSEVIzrwR5w==}

  apify@3.7.2:
    resolution: {integrity: sha512-I4R5Qd1X11vk5/1U0CxKSsMhNwER/3MntePEQb9Pbtf942OhQLh5IURrJZufqtpimkqRy44SlQMU6UhPdoFXhA==}
    engines: {node: '>=16.0.0'}

  ast-types@0.13.4:
    resolution: {integrity: sha512-x1FCFnFifvYDDzTaLII71vG5uvDwgtmDTEVWAxrgeiR8VjMONcCXJx7E+USjDtHlwFmt9MysbqgF9b9Vjr6w+w==}
    engines: {node: '>=4'}

  async-retry@1.3.3:
    resolution: {integrity: sha512-wfr/jstw9xNi/0teMHrRW7dsz3Lt5ARhYNZ2ewpadnhaIp5mbALhOAP+EAdsC7t4Z6wqsDVv9+W6gm1Dk9mEyw==}

  asynckit@0.4.0:
    resolution: {integrity: sha512-Oei9OH4tRh0YqU3GxhX79dM/mwVgvbZJaSNaRk+bshkj0S5cfHcgYakreBjrHwatXKbz+IoIdYLxrKim2MjW0Q==}

  axios@1.19.0:
    resolution: {integrity: sha512-ht/iuYZXEjFxLH/Hkezgd7m6JKlHHXEUSneaDz8uZe1Gj5QZtCnpyDsckvAiEnT89OEbCLmnte4R4sn7P0EKFw==}

  balanced-match@1.0.2:
    resolution: {integrity: sha512-3oSeUO0TMV67hN1AmbXsK4yaqU7tjiHlbxRDZOpH0KW9+CeX4bRAaX0Anxt0tx2MrpRpWwQaPwIlISEJhYU5Pw==}

  baseline-browser-mapping@2.11.15:
    resolution: {integrity: sha512-FwMjJJ7HnyZpWe+oWxegG0fezZyBZUagI5LZEoO3GCbtbKNwRfMH9Ue5d5v01PNePBy1QSfPSDTTeVL0Hb9EzA==}
    engines: {node: '>=6.0.0'}
    hasBin: true

  basic-ftp@5.3.1:
    resolution: {integrity: sha512-bopVNp6ugyA150DDuZfPFdt1KZ5a94ZDiwX4hMgZDzF+GttD80lEy8kj98kbyhLXnPvhtIo93mdnLIjpCAeeOw==}
    engines: {node: '>=10.0.0'}

  boolbase@1.0.0:
    resolution: {integrity: sha512-JZOSA7Mo9sNGB8+UjSgzdLtokWAky1zbztM3WRLCbZ70/3cTANmQmOdR7y2g+J0e2WXywy1yS468tY+IruqEww==}

  brace-expansion@2.1.4:
    resolution: {integrity: sha512-hGfVzPxthbf3+2yjg/RBs60cB0FhqBS/zvdV/4wn4/BmN0bNMMHPc4V/BbFieqf1TKAGGAHnY4eSjajCl0f2Xg==}

  browserslist@4.28.8:
    resolution: {integrity: sha512-V2NpofLblG64mfOtSgDhOJESZEGogzDMBv/q+W6oc4LXWP/q75eOXoOaaOu1EOadB9U4Bwx/e0yzbvwKH8zalA==}
    engines: {node: ^6 || ^7 || ^8 || ^9 || ^10 || ^11 || ^12 || >=13.7}
    hasBin: true

  byte-counter@0.1.0:
    resolution: {integrity: sha512-jheRLVMeUKrDBjVw2O5+k4EvR4t9wtxHL+bo/LxfkxsVeuGMy3a5SEGgXdAFA4FSzTrU8rQXQIrsZ3oBq5a0pQ==}
    engines: {node: '>=20'}

  cacheable-lookup@7.0.0:
    resolution: {integrity: sha512-+qJyx4xiKra8mZrcwhjMRMUhD5NR1R8esPkzIYxX96JiecFoxAXFuz/GpR3+ev4PE1WamHip78wV0vcmPQtp8w==}
    engines: {node: '>=14.16'}

  cacheable-request@13.0.19:
    resolution: {integrity: sha512-SVXGH037+Mo1aIMO5B2UcleR43FGjFdN+M8JObSyEoQ2Mn4CODRWx28gN5jiTF0n5ItsgtIZfyargMNs8GX4kg==}
    engines: {node: '>=18'}

  call-bind-apply-helpers@1.0.2:
    resolution: {integrity: sha512-Sp1ablJ0ivDkSzjcaJdxEunN5/XvksFJ2sMBFfq6x0ryhQV/2b/KwFe21cMpmHtPOSij8K99/wSfoEuTObmuMQ==}
    engines: {node: '>= 0.4'}

  callsites@3.1.0:
    resolution: {integrity: sha512-P8BjAsXvZS+VIDUI11hHCQEv74YT67YUi5JJFNWIqL235sBmjX4+qx9Muvls5ivyNENctx46xQLQ3aTuE7ssaQ==}
    engines: {node: '>=6'}

  callsites@4.2.0:
    resolution: {integrity: sha512-kfzR4zzQtAE9PC7CzZsjl3aBNbXWuXiSeOCdLcPpBfGW8YuCqQHcRPFDbr/BPVmd3EEPVpuFzLyuT/cUhPr4OQ==}
    engines: {node: '>=12.20'}

  caniuse-lite@1.0.30001809:
    resolution: {integrity: sha512-xxWVywk6a6Arlk+hymeycyn/VgqEfLDxupvhH/xiY5SJ/18kmi9o6MiO320DCUzypORHLtvh0I4i04tUhCNHNQ==}

  cheerio-select@2.1.0:
    resolution: {integrity: sha512-9v9kG0LvzrlcungtnJtpGNxY+fzECQKhK4EGJX2vByejiMX84MFNQw4UxPJl3bFbTMw+Dfs37XaIkCwTZfLh4g==}

  cheerio@1.0.0-rc.12:
    resolution: {integrity: sha512-VqR8m68vM46BNnuZ5NtnGBKIE/DfN0cRIzg9n40EIq9NOv90ayxLBXA8fXC5gquFRGJSTRqBq25Jt2ECLR431Q==}
    engines: {node: '>= 6'}

  cheerio@1.2.0:
    resolution: {integrity: sha512-WDrybc/gKFpTYQutKIK6UvfcuxijIZfMfXaYm8NMsPQxSYvf+13fXUJ4rztGGbJcBQ/GF55gvrZ0Bc0bj/mqvg==}
    engines: {node: '>=20.18.1'}

  combined-stream@1.0.8:
    resolution: {integrity: sha512-FQN4MRfuJeHf7cBbBMJFXhKSDq+2kAArBlmRBvcvFE5BB1HZKXtSFASDhdlz9zOYwxh8lDdnvmMOe/+5cdoEdg==}
    engines: {node: '>= 0.8'}

  content-type@1.0.5:
    resolution: {integrity: sha512-nTjqfcBFEipKdXCv4YDQWCfmcLZKm81ldF0pAopTvyrFGVbcR6P/VAAd5G7N+0tTr8QqiU0tFadD6FK4NtJwOA==}
    engines: {node: '>= 0.6'}

  css-select@5.2.2:
    resolution: {integrity: sha512-TizTzUddG/xYLA3NXodFM0fSbNizXjOKhqiQQwvhlspadZokn1KDy0NZFS0wuEubIYAV5/c1/lAr0TaaFXEXzw==}

  css-what@6.2.2:
    resolution: {integrity: sha512-u/O3vwbptzhMs3L1fQE82ZSLHQQfto5gyZzwteVIEyeaY5Fc7R4dapF/BvRoSYFeqfBk4m0V1Vafq5Pjv25wvA==}
    engines: {node: '>= 6'}

  csv-stringify@6.8.3:
    resolution: {integrity: sha512-gIeSCvq5F4VtXV3naV3VAewLhBkiZBz+PPhTOA8H3Y8h/ELa+R1ml0GZck/4/Nzo9ep2lvOluilJ6MJlbZsKMA==}

  data-uri-to-buffer@6.0.2:
    resolution: {integrity: sha512-7hvf7/GW8e86rW0ptuwS3OcBGDjIi6SZva7hCyWC0yYry2cOPmLIjXAUHI6DK2HsnwJd9ifmt57i8eV2n4YNpw==}
    engines: {node: '>= 14'}

  debug@4.4.3:
    resolution: {integrity: sha512-RGwwWnwQvkVfavKVt22FGLw+xYSdzARwm0ru6DhTVA3umU5hZc28V3kO4stgYryrTlLpuvgI9GiijltAjNbcqA==}
    engines: {node: '>=6.0'}
    peerDependencies:
      supports-color: '*'
    peerDependenciesMeta:
      supports-color:
        optional: true

  decompress-response@10.0.0:
    resolution: {integrity: sha512-oj7KWToJuuxlPr7VV0vabvxEIiqNMo+q0NueIiL3XhtwC6FVOX7Hr1c0C4eD0bmf7Zr+S/dSf2xvkH3Ad6sU3Q==}
    engines: {node: '>=20'}

  degenerator@5.0.1:
    resolution: {integrity: sha512-TllpMR/t0M5sqCXfj85i4XaAzxmS5tVA16dqvdkMwGmzI+dXLXnw3J+3Vdv7VKw+ThlTMboK6i9rnZ6Nntj5CQ==}
    engines: {node: '>= 14'}

  delayed-stream@1.0.0:
    resolution: {integrity: sha512-ZySD7Nf91aLB0RxL4KGrKHBXl7Eds1DAmEdcoVawXnLD7SDhpNgtuII2aAkg7a7QS41jxPSZ17p4VdGnMHk3MQ==}
    engines: {node: '>=0.4.0'}

  dom-serializer@2.0.0:
    resolution: {integrity: sha512-wIkAryiqt/nV5EQKqQpo3SToSOV9J0DnbJqwK7Wv/Trc92zIAYZ4FlMu+JPFW1DfGFt81ZTCGgDEabffXeLyJg==}

  domelementtype@2.3.0:
    resolution: {integrity: sha512-OLETBj6w0OsagBwdXnPdN0cnMfF9opN69co+7ZrbfPGrdpPVNBUj02spi6B1N7wChLQiPn4CSH/zJvXw56gmHw==}

  domhandler@5.0.3:
    resolution: {integrity: sha512-cgwlv/1iFQiFnU96XXgROh8xTeetsnJiDsTc7TYCLFd9+/WNkIqPTxiM/8pSd8VIrhXGTf1Ny1q1hquVqDJB5w==}
    engines: {node: '>= 4'}

  domutils@3.2.2:
    resolution: {integrity: sha512-6kZKyUajlDuqlHKVX1w7gyslj9MPIXzIFiz/rGu35uC1wMi+kMhQwGhl4lt9unC9Vb9INnY9Z3/ZA3+FhASLaw==}

  dot-prop@6.0.1:
    resolution: {integrity: sha512-tE7ztYzXHIeyvc7N+hR3oi7FIbf/NIjVP9hmAt3yMXzrQ072/fpjGLx2GxNxGxUl5V73MEqYzioOMoVhGMJ5cA==}
    engines: {node: '>=10'}

  dot-prop@7.2.0:
    resolution: {integrity: sha512-Ol/IPXUARn9CSbkrdV4VJo7uCy1I3VuSiWCaFSg+8BdUOzF9n3jefIpcgAydvUZbTdEBZs2vEiTiS9m61ssiDA==}
    engines: {node: ^12.20.0 || ^14.13.1 || >=16.0.0}

  dunder-proto@1.0.1:
    resolution: {integrity: sha512-KIN/nDJBQRcXw0MLVhZE9iQHmG68qAVIBg9CqmUYjmQIhgij9U5MFvrqkUL5FbtyyzZuOeOt0zdeRe4UY7ct+A==}
    engines: {node: '>= 0.4'}

  duplexer@0.1.2:
    resolution: {integrity: sha512-jtD6YG370ZCIi/9GTaJKQxWTZD045+4R4hTk/x1UyoqadyJ9x9CgSi1RlVDQF8U2sxLLSnFkCaMihqljHIWgMg==}

  electron-to-chromium@1.5.408:
    resolution: {integrity: sha512-SLoprcYpJ/OH2v2ps0+N5biv9H4/KBT3+YmmDew64TwK5y9j2wv7pMOFY7IorVkyMtEyLSCRlXKLsNlakeAlPw==}

  encoding-sniffer@0.2.1:
    resolution: {integrity: sha512-5gvq20T6vfpekVtqrYQsSCFZ1wEg5+wW0/QaZMWkFr6BqD3NfKs0rLCx4rrVlSWJeZb5NBJgVLswK/w2MWU+Gw==}

  entities@4.5.0:
    resolution: {integrity: sha512-V0hjH4dGPh9Ao5p0MoRY6BVqtwCjhz6vI5LT8AJ55H+4g9/4vbHx1I54fS0XuclLhDHArPQCiMjDxjaL8fPxhw==}
    engines: {node: '>=0.12'}

  entities@6.0.1:
    resolution: {integrity: sha512-aN97NXWF6AWBTahfVOIrB/NShkzi5H7F9r1s9mD3cDj4Ko5f2qhhVoYMibXF7GlLveb/D2ioWay8lxI97Ven3g==}
    engines: {node: '>=0.12'}

  entities@7.0.1:
    resolution: {integrity: sha512-TWrgLOFUQTH994YUyl1yT4uyavY5nNB5muff+RtWaqNVCAK408b5ZnnbNAUEWLTCpum9w6arT70i1XdQ4UeOPA==}
    engines: {node: '>=0.12'}

  es-define-property@1.0.1:
    resolution: {integrity: sha512-e3nRfgfUZ4rNGL232gUgX06QNyyez04KdjFrF+LTRoOXmrOgFKDg4BCdsjW8EnT69eqdYGmRpJwiPVYNrCaW3g==}
    engines: {node: '>= 0.4'}

  es-errors@1.3.0:
    resolution: {integrity: sha512-Zf5H2Kxt2xjTvbJvP2ZWLEICxA6j+hAmMzIlypy4xcBg1vKVnx89Wy0GbS+kf5cwCVFFzdCFh2XSCFNULS6csw==}
    engines: {node: '>= 0.4'}

  es-object-atoms@1.1.2:
    resolution: {integrity: sha512-HWcBoN6NileqtSydK2FqHbS/LoDd2pqrnQHLyJzBj4kOp/ky2MWMN694xOfkK8/SnUsW2DH7EfyVlydKCsm1Zw==}
    engines: {node: '>= 0.4'}

  es-set-tostringtag@2.1.0:
    resolution: {integrity: sha512-j6vWzfrGVfyXxge+O0x5sh6cvxAog0a/4Rdd2K36zCMV5eJ+/+tOAngRO8cODMNWbVRdVlmGZQL2YS3yR8bIUA==}
    engines: {node: '>= 0.4'}

  escalade@3.2.0:
    resolution: {integrity: sha512-WUj2qlxaQtO4g6Pq5c29GTcWGDyd8itL8zTlipgECz3JesAiiOKotd8JU6otB3PACgG6xkJUyVhboMS+bje/jA==}
    engines: {node: '>=6'}

  escodegen@2.1.0:
    resolution: {integrity: sha512-2NlIDTwUWJN0mRPQOdtQBzbUHvdGY2P1VXSyU83Q3xKxM7WHX2Ql8dKq782Q9TgQUNOLEzEYu9bzLNj1q88I5w==}
    engines: {node: '>=6.0'}
    hasBin: true

  esprima@4.0.1:
    resolution: {integrity: sha512-eGuFFw7Upda+g4p+QHvnW0RyTX/SVeJBDM/gCtMARO0cLuT2HcEKnTPvhjV6aGeqrCB/sbNop0Kszm0jsaWU4A==}
    engines: {node: '>=4'}
    hasBin: true

  estraverse@5.3.0ë5¶‰žËkºwµçL¸Äà¸Äœè(€€€‘•Á•¹‘•¹¥•Ìè(€€€€€€…Á¥™ä½½¹ÍÑÌœè€È¸ÔÜ¸À(€€€€€€…Á¥™ä½‘…Ñ…ÍÑÉÕÑÕÉ•Ìœè€È¸À¸Ø(€€€€€€…Á¥™ä½±½œœè€È¸Ô¸Ðà(€€€€€€…Á¥™ä½ÁÍ•Õ‘½}ÕÉ°œè€È¸À¸àä(€€€€€€…Á¥™ä½Ñ¥µ•½ÕÐœè€À¸Ð¸à(€€€€€€…Á¥™ä½ÕÑ¥±¥Ñ¥•Ìœè€È¸ÌÔ¸Ô(€€€€€€É…Ý±•”½µ•µ½ÉäµÍÑ½É…”œè€Ì¸Äà¸Ä(€€€€€€É…Ý±•”½ÑåÁ•Ìœè€Ì¸Äà¸Ä(€€€€€€É…Ý±•”½ÕÑ¥±Ìœè€Ì¸Äà¸Ä(€€€€€€Í…ÁÁ¡¥É”½…Íå¹ŒµÅÕ•Õ”œè€Ä¸Ô¸Ô(€€€€€€ÍÑ…¹‘…ÉµÍ¡•µ„½ÍÁ•Œœè€Ä¸Ä¸À(€€€€€€Ù±…‘™É…¹Ô½…Íå¹}•Ù•¹Ñ}•µ¥ÑÑ•Èœè€È¸Ð¸Ü(€€€€€ÍØµÍÑÉ¥¹¥™äè€Ø¸à¸Ì(€€€€€™Ìµ•áÑÉ„è€ÄÄ¸Ð¸À(€€€€€½ÐµÍÉ…Á¥¹œè€Ð¸È¸Ä(€€€€€©Í½¸Ôè€È¸È¸Ì(€€€€€µ¥¹¥µ…Ñ è€ä¸À¸ä(€€€€€½Üè€À¸Èà¸È(€€€€€ÍÑÉ•…´µ©Í½¸è€Ä¸ä¸Ä(€€€€€Ñ±‘ÑÌè€Ü¸Ð¸ÄÀ(€€€€€Ñ½Õ µ½½­¥”è€Ø¸À¸È(€€€€€ÑÍ±¥ˆè€È¸à¸Ä(€€€€€ÑåÁ”µ™•ÍÐè€Ð¸ÐÄ¸À(€€€ÑÉ…¹Í¥Ñ¥Ù•A••É•Á•¹‘•¹¥•Ìè(€€€€€€´ÍÕÁÁ½ÉÑÌµ½±½È((€€É…Ý±•”½µ•µ½ÉäµÍÑ½É…• Ì¸Äà¸Äœè(€€€‘•Á•¹‘•¹¥•Ìè(€€€€€€…Á¥™ä½±½œœè€È¸Ô¸Ðà(€€€€€€É…Ý±•”½ÑåÁ•Ìœè€Ì¸Äà¸Ä(€€€€€€Í…ÁÁ¡¥É”½…Íå¹ŒµÅÕ•Õ”œè€Ä¸Ô¸Ô(€€€€€€Í…ÁÁ¡¥É”½Í¡…Á•Í¡¥™Ðœè€Ì¸ä¸Ü(€€€€€½¹Ñ•¹ÐµÑåÁ”è€Ä¸À¸Ô(€€€€€™Ìµ•áÑÉ„è€ÄÄ¸Ð¸À(€€€€€©Í½¸Ôè€È¸È¸Ì(€€€€€µ¥µ”µÑåÁ•Ìè€È¸Ä¸ÌÔ(€€€€€Àµ±¥µ¥Ðè€Ì¸Ä¸À(€€€€€ÁÉ½Á•Èµ±½­™¥±”è€Ð¸Ä¸È(€€€€€ÑÍ±¥ˆè€È¸à¸Ä((€€É…Ý±•”½ÑåÁ•Í Ì¸Äà¸Äœè(€€€‘•Á•¹‘•¹¥•Ìè(€€€€€ÑÍ±¥ˆè€È¸à¸Ä((€€É…Ý±•”½ÕÑ¥±Í Ì¸Äà¸Äœè(€€€‘•Á•¹‘•¹¥•Ìè(€€€€€€…Á¥™ä½±½œœè€È¸Ô¸Ðà(€€€€€€…Á¥™ä½ÁÌµÑÉ•”œè€Ä¸È¸À(€€€€€€É…Ý±•”½ÑåÁ•Ìœè€Ì¸Äà¸Ä(€€€€€€ÑåÁ•Ì½Í…àœè€Ä¸È¸Ü(€€€€€¡••É¥¼è€Ä¸À¸ÀµÉŒ¸ÄÈ(€€€€€™¥±”µÑåÁ”è€ÈÄ¸Ì¸Ð(€€€€€½ÐµÍÉ…Á¥¹œè€Ð¸È¸Ä(€€€€€½Üè€À¸Èà¸È(€€€€€É½‰½ÑÌµÁ…ÉÍ•Èè€Ì¸À¸Ä(€€€€€Í…àè€Ä¸Ø¸Ä(€€€€€Ñ±‘ÑÌè€Ü¸Ð¸ÄÀ(€€€€€ÑÍ±¥ˆè€È¸à¸Ä(€€€€€Ý¡…ÑÝœµµ¥µ•ÑåÁ”è€Ð¸À¸À(€€€ÑÉ…¹Í¥Ñ¥Ù•A••É•Á•¹‘•¹¥•Ìè(€€€€€€´ÍÕÁÁ½ÉÑÌµ½±½È((€€­•åØ½Í•É¥…±¥é• Ä¸Ä¸Äœèíô((€€Í…ÁÁ¡¥É”½…Íå¹ŒµÅÕ•Õ• Ä¸Ô¸Ôœèíô((€€Í…ÁÁ¡¥É”½Í¡…Á•Í¡¥™Ñ Ì¸ä¸Üœè(€€€‘•Á•¹‘•¹¥•Ìè(€€€€€™…ÍÐµ‘••Àµ•ÅÕ…°è€Ì¸Ä¸Ì(€€€€€±½‘…Í è€Ð¸Äà¸Ä((€€Í•Œµ…¹Ð½É•…‘…‰±”µÍÑÉ•…µ À¸Ð¸Äœèíô((€€Í¥¹‘É•Í½É¡ÕÌ½¥Í Ð¸Ø¸Àœèíô((€€Í¥¹‘É•Í½É¡ÕÌ½¥Í Ô¸Ø¸Àœèíô((€€Í¥¹‘É•Í½É¡ÕÌ½¥Í Ü¸È¸Àœèíô((€€ÍÑ…¹‘…ÉµÍ¡•µ„½ÍÁ• Ä¸Ä¸Àœèíô((€€Ñ½­•¹¥é•È½¥¹™±…Ñ• À¸Ð¸Äœè(€€€‘•Á•¹‘•¹¥•Ìè(€€€€€‘•‰Õœè€Ð¸Ð¸Ì(€€€€€Ñ½­•¸µÑåÁ•Ìè€Ø¸Ä¸È(€€€ÑÉ…¹Í¥Ñ¥Ù•A••É•Á•¹‘•¹¥•Ìè(€€€€€€´ÍÕÁÁ½ÉÑÌµ½±½È((€€Ñ½­•¹¥é•È½Ñ½­•¹ À¸Ì¸Àœèíô((€€Ñ½½Ñ…±±¹…Ñ”½ÅÕ¥­©Ìµ•µÍÉ¥ÁÑ•¹ À¸ÈÌ¸Àœèíô((€€ÑåÁ•Ì½¡ÑÑÀµ…¡”µÍ•µ…¹Ñ¥Í Ð¸È¸Àœèíô((€€ÑåÁ•Ì½¹½‘• ÈØ¸È¸Àœè(€€€‘•Á•¹‘•¹¥•Ìè(€€€€€Õ¹‘¥¤µÑåÁ•Ìè€à¸Ì¸À((€€ÑåÁ•Ì½Í…á Ä¸È¸Üœè(€€€‘•Á•¹‘•¹¥•Ìè(€€€€€€ÑåÁ•Ì½¹½‘”œè€ÈØ¸È¸À((€€Ù±…‘™É…¹Ô½…Íå¹}•Ù•¹Ñ}•µ¥ÑÑ•É È¸Ð¸Üœèíô((€…‘´µé¥Á À¸Ø¸Àèíô((€…•¹Ðµ‰…Í• Ø¸À¸Èè(€€€‘•Á•¹‘•¹¥•Ìè(€€€€€‘•‰Õœè€Ð¸Ð¸Ì(€€€ÑÉ…¹Í¥Ñ¥Ù•A••É•Á•¹‘•¹¥•Ìè(€€€€€€´ÍÕÁÁ½ÉÑÌµ½±½È((€…•¹Ðµ‰…Í• Ü¸Ä¸Ðèíô((€…¹Í¤µ½±½ÉÍ Ð¸Ä¸Ìèíô((€…Á¥™äµ±¥•¹Ñ È¸ÈÔ¸À¡‘•‰Õ Ð¸Ð¸Ì¤è(€€€‘•Á•¹‘•¹¥•Ìè(€€€€€€…Á¥™ä½½¹ÍÑÌœè€È¸ÔÜ¸À(€€€€€€…Á¥™ä½±½œœè€È¸Ô¸Ðà(€€€€€€…Á¥™ä½ÕÑ¥±¥Ñ¥•Ìœè€È¸ÌÔ¸Ô(€€€€€€É…Ý±•”½ÑåÁ•Ìœè€Ì¸Äà¸Ä(€€€€€…¹Í¤µ½±½ÉÌè€Ð¸Ä¸Ì(€€€€€…Íå¹ŒµÉ•ÑÉäè€Ä¸Ì¸Ì(€€€€€…á¥½Ìè€Ä¸Ää¸À¡‘•‰Õ Ð¸Ð¸Ì¤(€€€€€½¹Ñ•¹ÐµÑåÁ”è€Ä¸À¸Ô(€€€€€½Üè€À¸Èà¸È(€€€€€ÁÉ½áäµ…•¹Ðè€Ø¸Ô¸À(€€€€€ÑÍ±¥ˆè€È¸à¸Ä(€€€€€ÑåÁ”µ™•ÍÐè€Ð¸ÐÄ¸À(€€€ÑÉ…¹Í¥Ñ¥Ù•A••É•Á•¹‘•¹¥•Ìè(€€€€€€´‘•‰Õœ(€€€€€€´ÍÕÁÁ½ÉÑÌµ½±½È((€…Á¥™å Ì¸Ü¸È¡‘•‰Õ Ð¸Ð¸Ì¤è(€€€‘•Á•¹‘•¹¥•Ìè(€€€€€€…Á¥™ä½½¹ÍÑÌœè€È¸ÔÜ¸À(€€€€€€…Á¥™ä½¥¹ÁÕÑ}Í•É•ÑÌœè€Ä¸È¸ÔÐ(€€€€€€…Á¥™ä½±½œœè€È¸Ô¸Ðà(€€€€€€…Á¥™ä½Ñ¥µ•½ÕÐœè€À¸Ì¸Ô(€€€€€€…Á¥™ä½ÕÑ¥±¥Ñ¥•Ìœè€È¸ÌÔ¸Ô(€€€€€€É…Ý±•”½½É”œè€Ì¸Äà¸Ä(€€€€€€É…Ý±•”½ÑåÁ•Ìœè€Ì¸Äà¸Ä(€€€€€€É…Ý±•”½ÕÑ¥±Ìœè€Ì¸Äà¸Ä(€€€€€…Á¥™äµ±¥•¹Ðè€È¸ÈÔ¸À¡‘•‰Õ Ð¸Ð¸Ì¤(€€€€€™Ìµ•áÑÉ„è€ÄÄ¸Ð¸À(€€€€€½Üè€À¸Èà¸È(€€€€€Í•µÙ•Èè€Ü¸à¸Ô(€€€€€ÑÍ±¥ˆè€È¸à¸Ä(€€€€€ÝÌè€à¸ÈÄ¸Ì(€€€ÑÉ…¹Í¥Ñ¥Ù•A••É•Á•¹‘•¹¥•Ìè(€€€€€€´‰Õ™™•ÉÕÑ¥°(€€€€€€´‘•‰Õœ(€€€€€€´ÍÕÁÁ½ÉÑÌµ½±½È(€€€€€€´ÕÑ˜´àµÙ…±¥‘…Ñ”((€…ÍÐµÑåÁ•Í À¸ÄÌ¸Ðè(€€€‘•Á•¹‘•¹¥•Ìè(€€€€€ÑÍ±¥ˆè€È¸à¸Ä((€…Íå¹ŒµÉ•ÑÉå Ä¸Ì¸Ìè(€€€‘•Á•¹‘•¹¥•Ìè(€€€€€É•ÑÉäè€À¸ÄÌ¸Ä((€…Íå¹­¥Ñ À¸Ð¸Àèíô((€…á¥½Í Ä¸Ää¸À¡‘•‰Õ Ð¸Ð¸Ì¤è(€€€‘•Á•¹‘•¹¥•Ìè(€€€€€™½±±½ÜµÉ•‘¥É•ÑÌè€Ä¸ÄØ¸À¡‘•‰Õ Ð¸Ð¸Ì¤(€€€€€™½É´µ‘…Ñ„è€Ð¸À¸Ø(€€€€€¡ÑÑÁÌµÁÉ½áäµ…•¹Ðè€Ô¸À¸Ä(€€€€€ÁÉ½áäµ™É½´µ•¹Øè€È¸Ä¸À(€€€ÑÉ…¹Í¥Ñ¥Ù•A••É•Á•¹‘•¹¥•Ìè(€€€€€€´‘•‰Õœ(€€€€€€´ÍÕÁÁ½ÉÑÌµ½±½È((€‰…±…¹•µµ…Ñ¡ Ä¸À¸Èèíô((€‰…Í•±¥¹”µ‰É½ÝÍ•Èµµ…ÁÁ¥¹ È¸ÄÄ¸ÄÔèíô((€‰…Í¥Œµ™ÑÁ Ô¸Ì¸Äèíô((€‰½½±‰…Í• Ä¸À¸Àèíô((€‰É…”µ•áÁ…¹Í¥½¹ È¸Ä¸Ðè(€€€‘•Á•¹‘•¹¥•Ìè(€€€€€‰…±…¹•µµ…Ñ è€Ä¸À¸È((€‰É½ÝÍ•ÉÍ±¥ÍÑ Ð¸Èà¸àè(€€€‘•Á•¹‘•¹¥•Ìè(€€€€€‰…Í•±¥¹”µ‰É½ÝÍ•Èµµ…ÁÁ¥¹œè€È¸ÄÄ¸ÄÔ(€€€€€…¹¥ÕÍ”µ±¥Ñ”è€Ä¸À¸ÌÀÀÀÄàÀä(€€€€€•±•ÑÉ½¸µÑ¼µ¡É½µ¥Õ´è€Ä¸Ô¸ÐÀà(€€€€€¹½‘”µÉ•±•…Í•Ìè€È¸À¸ÔÌ(€€€€€ÕÁ‘…Ñ”µ‰É½ÝÍ•ÉÍ±¥ÍÐµ‘ˆè€Ä¸Ì¸Ä¡‰É½ÝÍ•ÉÍ±¥ÍÑ Ð¸Èà¸à¤((€‰åÑ”µ½Õ¹Ñ•É À¸Ä¸Àèíô((€…¡•…‰±”µ±½½­ÕÁ Ü¸À¸Àèíô((€…¡•…‰±”µÉ•ÅÕ•ÍÑ ÄÌ¸À¸Ääè(€€€‘•Á•¹‘•¹¥•Ìè(€€€€€€ÑåÁ•Ì½¡ÑÑÀµ…¡”µÍ•µ…¹Ñ¥Ìœè€Ð¸È¸À(€€€€€•ÐµÍÑÉ•…´è€ä¸À¸Ä(€€€€€¡ÑÑÀµ…¡”µÍ•µ…¹Ñ¥Ìè€Ð¸È¸À(€€€€€­•åØè€Ô¸Ø¸À(€€€€€µ¥µ¥ŒµÉ•ÍÁ½¹Í”è€Ð¸À¸À(€€€€€¹½Éµ…±¥é”µÕÉ°è€à¸Ä¸Ä(€€€€€É•ÍÁ½¹Í•±¥­”è€Ð¸À¸È((€…±°µ‰¥¹µ…ÁÁ±äµ¡•±Á•ÉÍ Ä¸À¸Èè(€€€‘•Á•¹‘•¹¥•Ìè(€€€€€•Ìµ•ÉÉ½ÉÌè€Ä¸Ì¸À(€€€€€™Õ¹Ñ¥½¸µ‰¥¹è€Ä¸Ä¸È((€…±±Í¥Ñ•Í Ì¸Ä¸Àèíô((€…±±Í¥Ñ•Í Ð¸È¸Àèíô((€…¹¥ÕÍ”µ±¥Ñ• Ä¸À¸ÌÀÀÀÄàÀäèíô((€¡••É¥¼µÍ•±•Ñ È¸Ä¸Àè(€€€‘•Á•¹‘•¹¥•Ìè(€€€€€‰½½±‰…Í”è€Ä¸À¸À(€€€€€ÍÌµÍ•±•Ðè€Ô¸È¸È(€€€€€ÍÌµÝ¡…Ðè€Ø¸È¸È(€€€€€‘½µ•±•µ•¹ÑÑåÁ”è€È¸Ì¸À(€€€€€‘½µ¡…¹‘±•Èè€Ô¸À¸Ì(€€€€€‘½µÕÑ¥±Ìè€Ì¸È¸È((€¡••É¥½ Ä¸À¸ÀµÉŒ¸ÄÈè(€€€‘•Á•¹‘•¹¥•Ìè(€€€€€¡••É¥¼µÍ•±•Ðè€È¸Ä¸À(€€€€€‘½´µÍ•É¥…±¥é•Èè€È¸À¸À(€€€€€‘½µ¡…¹‘±•Èè€Ô¸À¸Ì(€€€€€‘½µÕÑ¥±Ìè€Ì¸È¸È(€€€€€¡Ñµ±Á…ÉÍ•ÈÈè€à¸À¸È(€€€€€Á…ÉÍ”Ôè€Ü¸Ì¸À(€€€€€Á…ÉÍ”Ôµ¡Ñµ±Á…ÉÍ•ÈÈµÑÉ•”µ…‘…ÁÑ•Èè€Ü¸Ä¸À((€¡••É¥½ Ä¸È¸Àè(€€€‘•Á•¹‘•¹¥•Ìè(€€€€€¡••É¥¼µÍ•±•Ðè€È¸Ä¸À(€€€€€‘½´µÍ•É¥…±¥é•Èè€È¸À¸À(€€€€€‘½µ¡…¹‘±•Èè€Ô¸À¸Ì(€€€€€‘½µÕÑ¥±Ìè€Ì¸È¸È(€€€€€•¹½‘¥¹œµÍ¹¥™™•Èè€À¸È¸Ä(€€€€€¡Ñµ±Á…ÉÍ•ÈÈè€ÄÀ¸Ä¸À(€€€€€Á…ÉÍ”Ôè€Ü¸Ì¸À(€€€€€Á…ÉÍ”Ôµ¡Ñµ±Á…ÉÍ•ÈÈµÑÉ•”µ…‘…ÁÑ•Èè€Ü¸Ä¸À(€€€€€Á…ÉÍ”ÔµÁ…ÉÍ•ÈµÍÑÉ•…´è€Ü¸Ä¸È(€€€€€Õ¹‘¥¤è€Ü¸Èä¸À(€€€€€Ý¡…ÑÝœµµ¥µ•ÑåÁ”è€Ð¸À¸À((€½µ‰¥¹•µÍÑÉ•…µ Ä¸À¸àè(€€€‘•Á•¹‘•¹¥•Ìè(€€€€€‘•±…å•µÍÑÉ•…´è€Ä¸À¸À((€½¹Ñ•¹ÐµÑåÁ• Ä¸À¸Ôèíô((€ÍÌµÍ•±•Ñ Ô¸È¸Èè(€€€‘•Á•¹‘•¹¥•Ìè(€€€€€‰½½±‰…Í”è€Ä¸À¸À(€€€€€ÍÌµÝ¡…Ðè€Ø¸È¸È(€€€€€‘½µ¡…¹‘±•Èè€Ô¸À¸Ì(€€€€€‘½µÕÑ¥±Ìè€Ì¸È¸È(€€€€€¹Ñ µ¡•¬è€È¸Ä¸Ä((€ÍÌµÝ¡…Ñ Ø¸È¸Èèíô((€ÍØµÍÑÉ¥¹¥™å Ø¸à¸Ìèíô((€‘…Ñ„µÕÉ¤µÑ¼µ‰Õ™™•É Ø¸À¸Èèíô((€‘•‰Õ Ð¸Ð¸Ìè(€€€‘•Á•¹‘•¹¥•Ìè(€€€€€µÌè€È¸Ä¸Ì((€‘•½µÁÉ•ÍÌµÉ•ÍÁ½¹Í• ÄÀ¸À¸Àè(€€€‘•Á•¹‘•¹¥•Ìè(€€€€€µ¥µ¥ŒµÉ•ÍÁ½¹Í”è€Ð¸À¸À((€‘••¹•É…Ñ½É Ô¸À¸Äè(€€€‘•Á•¹‘•¹¥•Ìè(€€€€€…ÍÐµÑåÁ•Ìè€À¸ÄÌ¸Ð(€€€€€•Í½‘••¸è€È¸Ä¸À(€€€€€•ÍÁÉ¥µ„è€Ð¸À¸Ä((€‘•±…å•µÍÑÉ•…µ Ä¸À¸Àèíô((€‘½´µÍ•É¥…±¥é•É È¸À¸Àè(€€€‘•Á•¹‘•¹¥•Ìè(€€€€€‘½µ•±•µ•¹ÑÑåÁ”è€È¸Ì¸À(€€€€€‘½µ¡…¹‘±•Èè€Ô¸À¸Ì(€€€€€•¹Ñ¥Ñ¥•Ìè€Ð¸Ô¸À((€‘½µ•±•µ•¹ÑÑåÁ• È¸Ì¸Àèíô((€‘½µ¡…¹‘±•É Ô¸À¸Ìè(€€€‘•Á•¹‘•¹¥•Ìè(€€€€€‘½µ•±•µ•¹ÑÑåÁ”è€È¸Ì¸À((€‘½µÕÑ¥±Í Ì¸È¸Èè(€€€‘•Á•¹‘•¹¥•Ìè(€€€€€‘½´µÍ•É¥…±¥é•Èè€È¸À¸À(€€€€€‘½µ•±•µ•¹ÑÑåÁ”è€È¸Ì¸À(€€€€€‘½µ¡…¹‘±•Èè€Ô¸À¸Ì((€‘½ÐµÁÉ½Á Ø¸À¸Äè(€€€‘•Á•¹‘•¹¥•Ìè(€€€€€¥Ìµ½‰¨è€È¸À¸À((€‘½ÐµÁÉ½Á Ü¸È¸Àè(€€€‘•Á•¹‘•¹¥•Ìè(€€€€€ÑåÁ”µ™•ÍÐè€È¸Ää¸À((€‘Õ¹‘•ÈµÁÉ½Ñ½ Ä¸À¸Äè(€€€‘•Á•¹‘•¹¥•Ìè(€€€€€…±°µ‰¥¹µ…ÁÁ±äµ¡•±Á•ÉÌè€Ä¸À¸È(€€€€€•Ìµ•ÉÉ½ÉÌè€Ä¸Ì¸À(€€€€€½Áè€Ä¸È¸À((€‘ÕÁ±•á•É À¸Ä¸Èèíô((€•±•ÑÉ½¸µÑ¼µ¡É½µ¥Õµ Ä¸Ô¸ÐÀàèíô((€•¹½‘¥¹œµÍ¹¥™™•É À¸È¸Äè(€€€‘•Á•¹‘•¹¥•Ìè(€€€€€¥½¹Øµ±¥Ñ”è€À¸Ø¸Ì(€€€€€Ý¡…ÑÝœµ•¹½‘¥¹œè€Ì¸Ä¸Ä((€•¹Ñ¥Ñ¥•Í Ð¸Ô¸Àèíô((€•¹Ñ¥Ñ¥•Í Ø¸À¸Äèíô((€•¹Ñ¥Ñ¥•Í Ü¸À¸Äèíô((€•Ìµ‘•™¥¹”µÁÉ½Á•ÉÑå Ä¸À¸Äèíô((€•Ìµ•ÉÉ½ÉÍ Ä¸Ì¸Àèíô((€•Ìµ½‰©•Ðµ…Ñ½µÍ Ä¸Ä¸Èè(€€€‘•Á•¹‘•¹¥•Ìè(€€€€€•Ìµ•ÉÉ½ÉÌè€Ä¸Ì¸À((€•ÌµÍ•ÐµÑ½ÍÑÉ¥¹Ñ… È¸Ä¸Àè(€€€‘•Á•¹‘•¹¥•Ìè(€€€€€•Ìµ•ÉÉ½ÉÌè€Ä¸Ì¸À(€€€€€•Ðµ¥¹ÑÉ¥¹Í¥Œè€Ä¸Ì¸À(€€€€€¡…ÌµÑ½ÍÑÉ¥¹Ñ…œè€Ä¸À¸È(€€€€€¡…Í½Ý¸è€È¸À¸Ð((€•Í…±…‘• Ì¸È¸Àèíô((€•Í½‘••¹ È¸Ä¸Àè(€€€‘•Á•¹‘•¹¥•Ìè(€€€€€•ÍÁÉ¥µ„è€Ð¸À¸Ä(€€€€€•ÍÑÉ…Ù•ÉÍ”è€Ô¸Ì¸À(€€€€€•ÍÕÑ¥±Ìè€È¸À¸Ì(€€€½ÁÑ¥½¹…±•Á•¹‘•¹¥•Ìè(€€€€€Í½ÕÉ”µµ…Àè€À¸Ø¸Ä((€•ÍÁÉ¥µ… Ð¸À¸Äèíô((€•ÍÑÉ…Ù•ÉÍ• Ô¸Ì¸Àèíô((€•ÍÕÑ¥±Í È¸À¸Ìèíô((€•Ù•¹ÐµÍÑÉ•…µ Ì¸Ì¸Ðè(€€€‘•Á•¹‘•¹¥•Ìè(€€€€€‘ÕÁ±•á•Èè€À¸Ä¸È(€€€€€™É½´è€À¸Ä¸Ü(€€€€€µ…ÀµÍÑÉ•…´è€À¸Ä¸À(€€€€€Á…ÕÍ”µÍÑÉ•…´è€À¸À¸ÄÄ(€€€€€ÍÁ±¥Ðè€À¸Ì¸Ì(€€€€€ÍÑÉ•…´µ½µ‰¥¹•Èè€À¸À¸Ð(€€€€€Ñ¡É½Õ è€È¸Ì¸à((€™…ÍÐµ‘••Àµ•ÅÕ…± Ì¸Ä¸Ìèíô((€™¥±”µÑåÁ• ÈÄ¸Ì¸Ðè(€€€‘•Á•¹‘•¹¥•Ìè(€€€€€€Ñ½­•¹¥é•È½¥¹™±…Ñ”œè€À¸Ð¸Ä(€€€€€ÍÑÉÑ½¬Ìè€ÄÀ¸Ì¸Ô(€€€€€Ñ½­•¸µÑåÁ•Ìè€Ø¸Ä¸È(€€€€€Õ¥¹Ðá…ÉÉ…äµ•áÑÉ…Ìè€Ä¸Ô¸À(€€€ÑÉ…¹Í¥Ñ¥Ù•A••É•Á•¹‘•¹¥•Ìè(€€€€€€´ÍÕÁÁ½ÉÑÌµ½±½È((€™½±±½ÜµÉ•‘¥É•ÑÍ Ä¸ÄØ¸À¡‘•‰Õ Ð¸Ð¸Ì¤è(€€€½ÁÑ¥½¹…±•Á•¹‘•¹¥•Ìè(€€€€€‘•‰Õœè€Ð¸Ð¸Ì((€™½É´µ‘…Ñ„µ•¹½‘•É Ð¸Ä¸Àèíô((€™½É´µ‘…Ñ… Ð¸À¸Øè(€€€‘•Á•¹‘•¹¥•Ìè(€€€€€…Íå¹­¥Ðè€À¸Ð¸À(€€€€€½µ‰¥¹•µÍÑÉ•…´è€Ä¸À¸à(€€€€€•ÌµÍ•ÐµÑ½ÍÑÉ¥¹Ñ…œè€È¸Ä¸À(€€€€€¡…Í½Ý¸è€È¸À¸Ð(€€€€€µ¥µ”µÑåÁ•Ìè€È¸Ä¸ÌÔ((€™É½µ À¸Ä¸Üèíô((€™Ìµ•áÑÉ… ÄÄ¸Ð¸Àè(€€€‘•Á•¹‘•¹¥•Ìè(€€€€€É…•™Õ°µ™Ìè€Ð¸È¸ÄÄ(€€€€€©Í½¹™¥±”è€Ø¸È¸Ä(€€€€€Õ¹¥Ù•ÉÍ…±¥™äè€È¸À¸Ä((€™Õ¹Ñ¥½¸µ‰¥¹‘ Ä¸Ä¸Èèíô((€•¹•É…Ñ¥Ù”µ‰…å•Í¥…¸µ¹•ÑÝ½É­ È¸Ä¸ààè(€€€‘•Á•¹‘•¹¥•Ìè(€€€€€…‘´µé¥Àè€À¸Ø¸À(€€€€€ÑÍ±¥ˆè€È¸à¸Ä((€•Ðµ¥¹ÑÉ¥¹Í¥ Ä¸Ì¸Àè(€€€‘•Á•¹‘•¹¥•Ìè(€€€€€…±°µ‰¥¹µ…ÁÁ±äµ¡•±Á•ÉÌè€Ä¸À¸È(€€€€€•Ìµ‘•™¥¹”µÁÉ½Á•ÉÑäè€Ä¸À¸Ä(€€€€€•Ìµ•ÉÉ½ÉÌè€Ä¸Ì¸À(€€€€€•Ìµ½‰©•Ðµ…Ñ½µÌè€Ä¸Ä¸È(€€€€€™Õ¹Ñ¥½¸µ‰¥¹è€Ä¸Ä¸È(€€€€€•ÐµÁÉ½Ñ¼è€Ä¸À¸Ä(€€€€€½Áè€Ä¸È¸À(€€€€€¡…ÌµÍåµ‰½±Ìè€Ä¸Ä¸À(€€€€€¡…Í½Ý¸è€È¸À¸Ð(€€€€€µ…Ñ µ¥¹ÑÉ¥¹Í¥Ìè€Ä¸Ä¸À((€•ÐµÁÉ½Ñ½ Ä¸À¸Äè(€€€‘•Á•¹‘•¹¥•Ìè(€€€€€‘Õ¹‘•ÈµÁÉ½Ñ¼è€Ä¸À¸Ä(€€€€€•Ìµ½‰©•Ðµ…Ñ½µÌè€Ä¸Ä¸È((€•ÐµÍÑÉ•…µ ä¸À¸Äè(€€€‘•Á•¹‘•¹¥•Ìè(€€€€€€Í•Œµ…¹Ð½É•…‘…‰±”µÍÑÉ•…´œè€À¸Ð¸Ä(€€€€€¥ÌµÍÑÉ•…´è€Ð¸À¸Ä((€•ÐµÕÉ¥ Ø¸À¸Ôè(€€€‘•Á•¹‘•¹¥•Ìè(€€€€€‰…Í¥Œµ™ÑÀè€Ô¸Ì¸Ä(€€€€€‘…Ñ„µÕÉ¤µÑ¼µ‰Õ™™•Èè€Ø¸À¸È(€€€€€‘•‰Õœè€Ð¸Ð¸Ì(€€€ÑÉ…¹Í¥Ñ¥Ù•A••É•Á•¹‘•¹¥•Ìè(€€€€€€´ÍÕÁÁ½ÉÑÌµ½±½È((€½Á‘ Ä¸È¸Àèíô((€½ÐµÍÉ…Á¥¹ Ð¸È¸Äè(€€€‘•Á•¹‘•¹¥•Ìè(€€€€€½Ðè€ÄÐ¸Ø¸Ø(€€€€€¡•…‘•Èµ•¹•É…Ñ½Èè€È¸Ä¸àà(€€€€€¡ÑÑÀÈµÝÉ…ÁÁ•Èè€È¸È¸Ä(€€€€€µ¥µ¥ŒµÉ•ÍÁ½¹Í”è€Ð¸À¸À(€€€€€½Üè€Ä¸Ä¸Ä(€€€€€ÅÕ¥¬µ±ÉÔè€Ü¸Ì¸À(€€€€€ÑÍ±¥ˆè€È¸à¸Ä((€½Ñ ÄÐ¸Ø¸Øè(€€€‘•Á•¹‘•¹¥•Ìè(€€€€€€Í¥¹‘É•Í½É¡ÕÌ½¥Ìœè€Ü¸È¸À(€€€€€‰åÑ”µ½Õ¹Ñ•Èè€À¸Ä¸À(€€€€€…¡•…‰±”µ±½½­ÕÀè€Ü¸À¸À(€€€€€…¡•…‰±”µÉ•ÅÕ•ÍÐè€ÄÌ¸À¸Ää(€€€€€‘•½µÁÉ•ÍÌµÉ•ÍÁ½¹Í”è€ÄÀ¸À¸À(€€€€€™½É´µ‘…Ñ„µ•¹½‘•Èè€Ð¸Ä¸À(€€€€€¡ÑÑÀÈµÝÉ…ÁÁ•Èè€È¸È¸Ä(€€€€€­•åØè€Ô¸Ø¸À(€€€€€±½Ý•É…Í”µ­•åÌè€Ì¸À¸À(€€€€€Àµ…¹•±…‰±”è€Ð¸À¸Ä(€€€€€É•ÍÁ½¹Í•±¥­”è€Ð¸À¸È(€€€€€ÑåÁ”µ™•ÍÐè€Ð¸ÐÄ¸À((€É…•™Õ°µ™Í Ð¸È¸ÄÄèíô((€¡…ÌµÍåµ‰½±Í Ä¸Ä¸Àèíô((€¡…ÌµÑ½ÍÑÉ¥¹Ñ… Ä¸À¸Èè(€€€‘•Á•¹‘•¹¥•Ìè(€€€€€¡…ÌµÍåµ‰½±Ìè€Ä¸Ä¸À((€¡…Í½Ý¹ È¸À¸Ðè(€€€‘•Á•¹‘•¹¥•Ìè(€€€€€™Õ¹Ñ¥½¸µ‰¥¹è€Ä¸Ä¸È((€¡•…‘•Èµ•¹•É…Ñ½É È¸Ä¸ààè(€€€‘•Á•¹‘•¹¥•Ìè(€€€€€‰É½ÝÍ•ÉÍ±¥ÍÐè€Ð¸Èà¸à(€€€€€•¹•É…Ñ¥Ù”µ‰…å•Í¥…¸µ¹•ÑÝ½É¬è€È¸Ä¸àà(€€€€€½Üè€À¸Èà¸È(€€€€€ÑÍ±¥ˆè€È¸à¸Ä((€¡Ñµ±Á…ÉÍ•ÈÉ ÄÀ¸Ä¸Àè(€€€‘•Á•¹‘•¹¥•Ìè(€€€€€‘½µ•±•µ•¹ÑÑåÁ”è€È¸Ì¸À(€€€€€‘½µ¡…¹‘±•Èè€Ô¸À¸Ì(€€€€€‘½µÕÑ¥±Ìè€Ì¸È¸È(€€€€€•¹Ñ¥Ñ¥•Ìè€Ü¸À¸Ä((€¡Ñµ±Á…ÉÍ•ÈÉ à¸À¸Èè(€€€‘•Á•¹‘•¹¥•Ìè(€€€€€‘½µ•±•µ•¹ÑÑåÁ”è€È¸Ì¸À(€€€€€‘½µ¡…¹‘±•Èè€Ô¸À¸Ì(€€€€€‘½µÕÑ¥±Ìè€Ì¸È¸È(€€€€€•¹Ñ¥Ñ¥•Ìè€Ð¸Ô¸À((€¡ÑÑÀµ…¡”µÍ•µ…¹Ñ¥Í Ð¸È¸Àèíô((€¡ÑÑÀµÁÉ½áäµ…•¹Ñ Ü¸À¸Èè(€€€‘•Á•¹‘•¹¥•Ìè(€€€€€…•¹Ðµ‰…Í”è€Ü¸Ä¸Ð(€€€€€‘•‰Õœè€Ð¸Ð¸Ì(€€€ÑÉ…¹Í¥Ñ¥Ù•A••É•Á•¹‘•¹¥•Ìè(€€€€€€´ÍÕÁÁ½ÉÑÌµ½±½È((€¡ÑÑÀÈµÝÉ…ÁÁ•É È¸È¸Äè(€€€‘•Á•¹‘•¹¥•Ìè(€€€€€ÅÕ¥¬µ±ÉÔè€Ô¸Ä¸Ä(€€€€€É•Í½±Ù”µ…±Á¸è€Ä¸È¸Ä((€¡ÑÑÁÌµÁÉ½áäµ…•¹Ñ Ô¸À¸Äè(€€€‘•Á•¹‘•¹¥•Ìè(€€€€€…•¹Ðµ‰…Í”è€Ø¸À¸È(€€€€€‘•‰Õœè€Ð¸Ð¸Ì(€€€ÑÉ…¹Í¥Ñ¥Ù•A••É•Á•¹‘•¹¥•Ìè(€€€€€€´ÍÕÁÁ½ÉÑÌµ½±½È((€¡ÑÑÁÌµÁÉ½áäµ…•¹Ñ Ü¸À¸Øè(€€€‘•Á•¹‘•¹¥•Ìè(€€€€€…•¹Ðµ‰…Í”è€Ü¸Ä¸Ð(€€€€€‘•‰Õœè€Ð¸Ð¸Ì(€€€ÑÉ…¹Í¥Ñ¥Ù•A••É•Á•¹‘•¹¥•Ìè(€€€€€€´ÍÕÁÁ½ÉÑÌµ½±½È((€¥½¹Øµ±¥Ñ• À¸Ø¸Ìè(€€€‘•Á•¹‘•¹¥•Ìè(€€€€€Í…™•Èµ‰Õ™™•Èè€È¸Ä¸È((€¥••”ÜÔÑ Ä¸È¸Äèíô((€¥Àµ…‘‘É•ÍÍ ÄÀ¸Ô¸Àèíô((€¥Ìµ½‰© È¸À¸Àèíô((€¥ÌµÍÑÉ•…µ Ð¸À¸Äèíô((€©Í½¸Õ È¸È¸Ìèíô((€©Í½¹™¥±• Ø¸È¸Äè(€€€‘•Á•¹‘•¹¥•Ìè(€€€€€Õ¹¥Ù•ÉÍ…±¥™äè€È¸À¸Ä(€€€½ÁÑ¥½¹…±•Á•¹‘•¹¥•Ìè(€€€€€É…•™Õ°µ™Ìè€Ð¸È¸ÄÄ((€­•åÙ Ô¸Ø¸Àè(€€€‘•Á•¹‘•¹¥•Ìè(€€€€€€­•åØ½Í•É¥…±¥é”œè€Ä¸Ä¸Ä((€±½‘…Í ¹¥Í•ÅÕ…± Ð¸Ô¸Àèíô((€±½‘…Í¡ Ð¸Äà¸Äèíô((€±½Ý•É…Í”µ­•åÍ Ì¸À¸Àèíô((€±ÉÔµ…¡• Ü¸Äà¸Ìèíô((€µ…ÀµÍÑÉ•…µ À¸Ä¸Àèíô((€µ…Ñ µ¥¹ÑÉ¥¹Í¥Í Ä¸Ä¸Àèíô((€µ¥µ”µ‘‰ Ä¸ÔÈ¸Àèíô((€µ¥µ”µÑåÁ•Í È¸Ä¸ÌÔè(€€€‘•Á•¹‘•¹¥•Ìè(€€€€€µ¥µ”µ‘ˆè€Ä¸ÔÈ¸À((€µ¥µ¥ŒµÉ•ÍÁ½¹Í• Ð¸À¸Àèíô((€µ¥¹¥µ…Ñ¡ ä¸À¸äè(€€€‘•Á•¹‘•¹¥•Ìè(€€€€€‰É…”µ•áÁ…¹Í¥½¸è€È¸Ä¸Ð((€µÍ È¸Ä¸Ìèíô((€¹•Ñµ…Í­ È¸Ä¸Äèíô((€¹½‘”µÉ•±•…Í•Í È¸À¸ÔÌèíô((€¹½Éµ…±¥é”µÕÉ± à¸Ä¸Äèíô((€¹Ñ µ¡•­ È¸Ä¸Äè(€€€‘•Á•¹‘•¹¥•Ìè(€€€€€‰½½±‰…Í”è€Ä¸À¸À((€½Ý À¸Èà¸Èè(€€€‘•Á•¹‘•¹¥•Ìè(€€€€€€Í¥¹‘É•Í½É¡ÕÌ½¥Ìœè€Ð¸Ø¸À(€€€€€…±±Í¥Ñ•Ìè€Ì¸Ä¸À(€€€€€‘½ÐµÁÉ½Àè€Ø¸À¸Ä(€€€€€±½‘…Í ¹¥Í•ÅÕ…°è€Ð¸Ô¸À(€€€€€Ù…±¤µ‘…Ñ”è€Ä¸À¸À((€½Ý Ä¸Ä¸Äè(€€€‘•Á•¹‘•¹¥•Ìè(€€€€€€Í¥¹‘É•Í½É¡ÕÌ½¥Ìœè€Ô¸Ø¸À(€€€€€…±±Í¥Ñ•Ìè€Ð¸È¸À(€€€€€‘½ÐµÁÉ½Àè€Ü¸È¸À(€€€€€±½‘…Í ¹¥Í•ÅÕ…°è€Ð¸Ô¸À(€€€€€Ù…±¤µ‘…Ñ”è€Ä¸À¸À((€Àµ…¹•±…‰±• Ð¸À¸Äèíô((€Àµ±¥µ¥Ñ Ì¸Ä¸Àè(€€€‘•Á•¹‘•¹¥•Ìè(€€€€€å½Ñ¼µÅÕ•Õ”è€À¸Ä¸À((€Á…ŒµÁÉ½áäµ…•¹Ñ Ü¸È¸Àè(€€€‘•Á•¹‘•¹¥•Ìè(€€€€€€Ñ½½Ñ…±±¹…Ñ”½ÅÕ¥­©Ìµ•µÍÉ¥ÁÑ•¸œè€À¸ÈÌ¸À(€€€€€…•¹Ðµ‰…Í”è€Ü¸Ä¸Ð(€€€€€‘•‰Õœè€Ð¸Ð¸Ì(€€€€€•ÐµÕÉ¤è€Ø¸À¸Ô(€€€€€¡ÑÑÀµÁÉ½áäµ…•¹Ðè€Ü¸À¸È(€€€€€¡ÑÑÁÌµÁÉ½áäµ…•¹Ðè€Ü¸À¸Ø(€€€€€Á…ŒµÉ•Í½±Ù•Èè€Ü¸À¸Ä(€€€€€Í½­ÌµÁÉ½áäµ…•¹Ðè€à¸À¸Ô(€€€ÑÉ…¹Í¥Ñ¥Ù•A••É•Á•¹‘•¹¥•Ìè(€€€€€€´ÍÕÁÁ½ÉÑÌµ½±½È((€Á…ŒµÉ•Í½±Ù•É Ü¸À¸Äè(€€€‘•Á•¹‘•¹¥•Ìè(€€€€€‘••¹•É…Ñ½Èè€Ô¸À¸Ä(€€€€€¹•Ñµ…Í¬è€È¸Ä¸Ä((€Á…ÉÍ”Ôµ¡Ñµ±Á…ÉÍ•ÈÈµÑÉ•”µ…‘…ÁÑ•É Ü¸Ä¸Àè(€€€‘•Á•¹‘•¹¥•Ìè(€€€€€‘½µ¡…¹‘±•Èè€Ô¸À¸Ì(€€€€€Á…ÉÍ”Ôè€Ü¸Ì¸À((€Á…ÉÍ”ÔµÁ…ÉÍ•ÈµÍÑÉ•…µ Ü¸Ä¸Èè(€€€‘•Á•¹‘•¹¥•Ìè(€€€€€Á…ÉÍ”Ôè€Ü¸Ì¸À((€Á…ÉÍ”Õ Ü¸Ì¸Àè(€€€‘•Á•¹‘•¹¥•Ìè(€€€€€•¹Ñ¥Ñ¥•Ìè€Ø¸À¸Ä((€Á…ÕÍ”µÍÑÉ•…µ À¸À¸ÄÄè(€€€‘•Á•¹‘•¹¥•Ìè(€€€€€Ñ¡É½Õ è€È¸Ì¸à((€Á¥½½±½ÉÍ Ä¸Ä¸Äèíô((€ÁÉ½Á•Èµ±½­™¥±• Ð¸Ä¸Èè(€€€‘•Á•¹‘•¹¥•Ìè(€€€€€É…•™Õ°µ™Ìè€Ð¸È¸ÄÄ(€€€€€É•ÑÉäè€À¸ÄÈ¸À(€€€€€Í¥¹…°µ•á¥Ðè€Ì¸À¸Ü((€ÁÉ½áäµ…•¹Ñ Ø¸Ô¸Àè(€€€‘•Á•¹‘•¹¥•Ìè(€€€€€…•¹Ðµ‰…Í”è€Ü¸Ä¸Ð(€€€€€‘•‰Õœè€Ð¸Ð¸Ì(€€€€€¡ÑÑÀµÁÉ½áäµ…•¹Ðè€Ü¸À¸È(€€€€€¡ÑÑÁÌµÁÉ½áäµ…•¹Ðè€Ü¸À¸Ø(€€€€€±ÉÔµ…¡”è€Ü¸Äà¸Ì(€€€€€Á…ŒµÁÉ½áäµ…•¹Ðè€Ü¸È¸À(€€€€€ÁÉ½áäµ™É½´µ•¹Øè€Ä¸Ä¸À(€€€€€Í½­ÌµÁÉ½áäµ…•¹Ðè€à¸À¸Ô(€€€ÑÉ…¹Í¥Ñ¥Ù•A••É•Á•¹‘•¹¥•Ìè(€€€€€€´ÍÕÁÁ½ÉÑÌµ½±½È((€ÁÉ½áäµ™É½´µ•¹Ù Ä¸Ä¸Àèíô((€ÁÉ½áäµ™É½´µ•¹Ù È¸Ä¸Àèíô((€ÅÕ¥¬µ±ÉÕ Ô¸Ä¸Äèíô((€ÅÕ¥¬µ±ÉÕ Ü¸Ì¸Àèíô((€É•Í½±Ù”µ…±Á¹ Ä¸È¸Äèíô((€É•ÍÁ½¹Í•±¥­• Ð¸À¸Èè(€€€‘•Á•¹‘•¹¥•Ìè(€€€€€±½Ý•É…Í”µ­•åÌè€Ì¸À¸À((€É•ÑÉå À¸ÄÈ¸Àèíô((€É•ÑÉå À¸ÄÌ¸Äèíô((€É½‰½ÑÌµÁ…ÉÍ•É Ì¸À¸Äèíô((€Í…™•Èµ‰Õ™™•É È¸Ä¸Èèíô((€Í…á Ä¸Ø¸Äèíô((€Í•µÙ•É Ü¸à¸Ôèíô((€Í¥¹…°µ•á¥Ñ Ì¸À¸Üèíô((€Íµ…ÉÐµ‰Õ™™•É Ð¸È¸Àèíô((€Í½­ÌµÁÉ½áäµ…•¹Ñ à¸À¸Ôè(€€€‘•Á•¹‘•¹¥•Ìè(€€€€€…•¹Ðµ‰…Í”è€Ü¸Ä¸Ð(€€€€€‘•‰Õœè€Ð¸Ð¸Ì(€€€€€Í½­Ìè€È¸à¸ä(€€€ÑÉ…¹Í¥Ñ¥Ù•A••É•Á•¹‘•¹¥•Ìè(€€€€€€´ÍÕÁÁ½ÉÑÌµ½±½È((€Í½­Í È¸à¸äè(€€€‘•Á•¹‘•¹¥•Ìè(€€€€€¥Àµ…‘‘É•ÍÌè€ÄÀ¸Ô¸À(€€€€€Íµ…ÉÐµ‰Õ™™•Èè€Ð¸È¸À((€Í½ÕÉ”µµ…Á À¸Ø¸Äè(€€€½ÁÑ¥½¹…°èÑÉÕ”((€ÍÁ±¥Ñ À¸Ì¸Ìè(€€€‘•Á•¹‘•¹¥•Ìè(€€€€€Ñ¡É½Õ è€È¸Ì¸à((€ÍÑÉ•…´µ¡…¥¹ È¸È¸Ôèíô((€ÍÑÉ•…´µ½µ‰¥¹•É À¸À¸Ðè(€€€‘•Á•¹‘•¹¥•Ìè(€€€€€‘ÕÁ±•á•Èè€À¸Ä¸È((€ÍÑÉ•…´µ©Í½¹ Ä¸ä¸Äè(€€€‘•Á•¹‘•¹¥•Ìè(€€€€€ÍÑÉ•…´µ¡…¥¸è€È¸È¸Ô((€ÍÑÉÑ½¬Í ÄÀ¸Ì¸Ôè(€€€‘•Á•¹‘•¹¥•Ìè(€€€€€€Ñ½­•¹¥é•È½Ñ½­•¸œè€À¸Ì¸À((€Ñ¡É½Õ¡ È¸Ì¸àèíô((€Ñ±‘ÑÌµ½É• Ü¸Ð¸ÄÀèíô((€Ñ±‘ÑÍ Ü¸Ð¸ÄÀè(€€€‘•Á•¹‘•¹¥•Ìè(€€€€€Ñ±‘ÑÌµ½É”è€Ü¸Ð¸ÄÀ((€Ñ½­•¸µÑåÁ•Í Ø¸Ä¸Èè(€€€‘•Á•¹‘•¹¥•Ìè(€€€€€€‰½É•Ý¥Ð½Ñ•áÐµ½‘•Œœè€À¸È¸È(€€€€€€Ñ½­•¹¥é•È½Ñ½­•¸œè€À¸Ì¸À(€€€€€¥••”ÜÔÐè€Ä¸È¸Ä((€Ñ½Õ µ½½­¥• Ø¸À¸Èè(€€€‘•Á•¹‘•¹¥•Ìè(€€€€€Ñ±‘ÑÌè€Ü¸Ð¸ÄÀ((€ÑÍ±¥‰ È¸à¸Äèíô((€ÑåÁ”µ™•ÍÑ È¸Ää¸Àèíô((€ÑåÁ”µ™•ÍÑ Ð¸ÐÄ¸Àèíô((€Õ¥¹Ðá…ÉÉ…äµ•áÑÉ…Í Ä¸Ô¸Àèíô((€Õ¹‘¥¤µÑåÁ•Í à¸Ì¸Àèíô((€Õ¹‘¥¥ Ü¸Èä¸Àèíô((€Õ¹¥Ù•ÉÍ…±¥™å È¸À¸Äèíô((€ÕÁ‘…Ñ”µ‰É½ÝÍ•ÉÍ±¥ÍÐµ‘‰ Ä¸Ì¸Ä¡‰É½ÝÍ•ÉÍ±¥ÍÑ Ð¸Èà¸à¤è(€€€‘•Á•¹‘•¹¥•Ìè(€€€€€‰É½ÝÍ•ÉÍ±¥ÍÐè€Ð¸Èà¸à(€€€€€•Í…±…‘”è€Ì¸È¸À(€€€€€Á¥½½±½ÉÌè€Ä¸Ä¸Ä((€Ù…±¤µ‘…Ñ• Ä¸À¸Àèíô((€Ý¡…ÑÝœµ•¹½‘¥¹ Ì¸Ä¸Äè(€€€‘•Á•¹‘•¹¥•Ìè(€€€€€¥½¹Øµ±¥Ñ”è€À¸Ø¸Ì((€Ý¡…ÑÝœµµ¥µ•ÑåÁ• Ð¸À¸Àèíô((€ÝÍ à¸ÈÄ¸Ìèíô((€å½Ñ¼µÅÕ•Õ• À¸Ä¸Àèíô(